
Microsoft Visual Studio Solution File, Format Version 12.00
# Visual Studio 15
VisualStudioVersion = 15.0.28307.168
MinimumVisualStudioVersion = 10.0.40219.1
Project("{9A19103F-16F7-4668-BE54-9A1E7A4F7556}") = "MyAppsFrontEnd", "MyAppsFrontEnd\MyAppsFrontEnd.csproj", "{F4D44974-4F48-45EC-BC2B-80BA59C21818}"
EndProject
Global
	GlobalSection(SolutionConfigurationPlatforms) = preSolution
		Debug|Any CPU = Debug|Any CPU
		Release|Any CPU = Release|Any CPU
	EndGlobalSection
	GlobalSection(ProjectConfigurationPlatforms) = postSolution
		{F4D44974-4F48-45EC-BC2B-80BA59C21818}.Debug|Any CPU.ActiveCfg = Debug|Any CPU
		{F4D44974-4F48-45EC-BC2B-80BA59C21818}.Debug|Any CPU.Build.0 = Debug|Any CPU
		{F4D44974-4F48-45EC-BC2B-80BA59C21818}.Release|Any CPU.ActiveCfg = Release|Any CPU
		{F4D44974-4F48-45EC-BC2B-80BA59C21818}.Release|Any CPU.Build.0 = Release|Any CPU
	EndGlobalSection
	GlobalSection(SolutionProperties) = preSolution
		HideSolutionNode = FALSE
	EndGlobalSection
	GlobalSection(ExtensibilityGlobals) = postSolution
		SolutionGuid = {49F0D3E6-3B58-47C3-B69B-CC5D33747591}
	EndGlobalSection
EndGlobal
